
Microsoft Visual Studio Solution File, Format Version 12.00
# Visual Studio Version 16
VisualStudioVersion = 16.0.30611.23
MinimumVisualStudioVersion = 10.0.40219.1
Project("{FAE04EC0-301F-11D3-BF4B-00C04F79EFBC}") = "StandardCalculator", "StandardCalculator.csproj", "{C23471F6-7288-4291-8B46-023CCC0286B6}"
EndProject
Global
	GlobalSection(SolutionConfigurationPlatforms) = preSolution
		Debug|Any CPU = Debug|Any CPU
		Release|Any CPU = Release|Any CPU
	EndGlobalSection
	GlobalSection(ProjectConfigurationPlatforms) = postSolution
		{C23471F6-7288-4291-8B46-023CCC0286B6}.Debug|Any CPU.ActiveCfg = Debug|Any CPU
		{C23471F6-7288-4291-8B46-023CCC0286B6}.Debug|Any CPU.Build.0 = Debug|Any CPU
		{C23471F6-7288-4291-8B46-023CCC0286B6}.Release|Any CPU.ActiveCfg = Release|Any CPU
		{C23471F6-7288-4291-8B46-023CCC0286B6}.Release|Any CPU.Build.0 = Release|Any CPU
	EndGlobalSection
	GlobalSection(SolutionProperties) = preSolution
		HideSolutionNode = FALSE
	EndGlobalSection
	GlobalSection(ExtensibilityGlobals) = postSolution
		SolutionGuid = {937A399E-AFC0-4884-AA98-11CAA3A47B0F}
	EndGlobalSection
EndGlobal
